
Microsoft Visual Studio Solution File, Format Version 12.00
# Visual Studio Version 17
VisualStudioVersion = 17.4.33205.214
MinimumVisualStudioVersion = 10.0.40219.1
Project("{FAE04EC0-301F-11D3-BF4B-00C04F79EFBC}") = "TaskEcomSite", "TaskEcomSite\TaskEcomSite.csproj", "{A3042024-DA9C-4D57-9C1C-2BB4FE069BE3}"
EndProject
Project("{FAE04EC0-301F-11D3-BF4B-00C04F79EFBC}") = "TaskEcomSite.DataAccess", "TaskEcomSite.DataAccess\TaskEcomSite.DataAccess.csproj", "{D66F899A-29CE-48B5-9F84-8CD424E3C180}"
EndProject
Project("{FAE04EC0-301F-11D3-BF4B-00C04F79EFBC}") = "TaskEcomSite.Models", "TaskEcomSite.Models\TaskEcomSite.Models.csproj", "{B390B235-37EA-457E-89AE-227650371217}"
EndProject
Global
	GlobalSection(SolutionConfigurationPlatforms) = preSolution
		Debug|Any CPU = Debug|Any CPU
		Release|Any CPU = Release|Any CPU
	EndGlobalSection
	GlobalSection(ProjectConfigurationPlatforms) = postSolution
		{A3042024-DA9C-4D57-9C1C-2BB4FE069BE3}.Debug|Any CPU.ActiveCfg = Debug|Any CPU
		{A3042024-DA9C-4D57-9C1C-2BB4FE069BE3}.Debug|Any CPU.Build.0 = Debug|Any CPU
		{A3042024-DA9C-4D57-9C1C-2BB4FE069BE3}.Release|Any CPU.ActiveCfg = Release|Any CPU
		{A3042024-DA9C-4D57-9C1C-2BB4FE069BE3}.Release|Any CPU.Build.0 = Release|Any CPU
		{D66F899A-29CE-48B5-9F84-8CD424E3C180}.Debug|Any CPU.ActiveCfg = Debug|Any CPU
		{D66F899A-29CE-48B5-9F84-8CD424E3C180}.Debug|Any CPU.Build.0 = Debug|Any CPU
		{D66F899A-29CE-48B5-9F84-8CD424E3C180}.Release|Any CPU.ActiveCfg = Release|Any CPU
		{D66F899A-29CE-48B5-9F84-8CD424E3C180}.Release|Any CPU.Build.0 = Release|Any CPU
		{B390B235-37EA-457E-89AE-227650371217}.Debug|Any CPU.ActiveCfg = Debug|Any CPU
		{B390B235-37EA-457E-89AE-227650371217}.Debug|Any CPU.Build.0 = Debug|Any CPU
		{B390B235-37EA-457E-89AE-227650371217}.Release|Any CPU.ActiveCfg = Release|Any CPU
		{B390B235-37EA-457E-89AE-227650371217}.Release|Any CPU.Build.0 = Release|Any CPU
	EndGlobalSection
	GlobalSection(SolutionProperties) = preSolution
		HideSolutionNode = FALSE
	EndGlobalSection
	GlobalSection(ExtensibilityGlobals) = postSolution
		SolutionGuid = {4E5F0163-0506-41BC-99AD-DB12E1B0243A}
	EndGlobalSection
EndGlobal
